// !$*UTF8*$!
{
	archiveVersion = 1;
	classes = {
	};
	objectVersion = 77;
	objects = {

/* Begin PBXBuildFile section */
		0F502AA85FFC3C3346C826EB /* BlockTextEditor.swift in Sources */ = {isa = PBXBuildFile; fileRef = 884B7A52589017DB1AC54B6C /* BlockTextEditor.swift */; };
		16938C9858F5F09DBED29040 /* NameInputSheet.swift in Sources */ = {isa = PBXBuildFile; fileRef = 59A4F034330E57982C863E24 /* NameInputSheet.swift */; };
		2F71853CFB02558049F32B60 /* CapsuleStashTests.swift in Sources */ = {isa = PBXBuildFile; fileRef = E2E87FA2A526B7112B538525 /* CapsuleStashTests.swift */; };
		35E1D54957D09E11943321A4 /* SidebarView.swift in Sources */ = {isa = PBXBuildFile; fileRef = E5E4E5C0FCE874021DADB73A /* SidebarView.swift */; };
		37F40425974B258D9C9505DE /* AttachmentStore.swift in Sources */ = {isa = PBXBuildFile; fileRef = 75DB023F2B58C6526883F119 /* AttachmentStore.swift */; };
		3A1D36A156FE521661B5AEAC /* SettingsView.swift in Sources */ = {isa = PBXBuildFile; fileRef = C924BA9E9897BEC62C26155E /* SettingsView.swift */; };
		3D2C603D9ED687D9FAFF27A2 /* ContentView.swift in Sources */ = {isa = PBXBuildFile; fileRef = 6E9C5FAEDC8B18D2AFFEF1D4 /* ContentView.swift */; };
		3D8A5E4E05F4012761D2243B /* Models.swift in Sources */ = {isa = PBXBuildFile; fileRef = D2269040353A6BD92A19DC9F /* Models.swift */; };
		4B3111CA3E1207E661EED248 /* BlockEditorSheet.swift in Sources */ = {isa = PBXBuildFile; fileRef = BEA4234E5CA6F6A0AF337DE9 /* BlockEditorSheet.swift */; };
		4F8EC67656119200A0DD1025 /* Localizable.xcstrings in Resources */ = {isa = PBXBuildFile; fileRef = 50F4C57D0D98657FC9F04F05 /* Localizable.xcstrings */; };
		5C05194385C271820FAD9ECD /* ClipboardService.swift in Sources */ = {isa = PBXBuildFile; fileRef = 0697D6C1354314914CDAD23D /* ClipboardService.swift */; };
		5DA1D08ACC483489FBE64E56 /* CommandPaletteView.swift in Sources */ = {isa = PBXBuildFile; fileRef = 6F96A0B1203F492482BCD81E /* CommandPaletteView.swift */; };
		67BB09B221D8F1BE564E60A4 /* WebArchiveStore.swift in Sources */ = {isa = PBXBuildFile; fileRef = BFB8EF18E31CF961E1CF8102 /* WebArchiveStore.swift */; };
		6AF1BA406722160686D99614 /* error_message_ko.json in Resources */ = {isa = PBXBuildFile; fileRef = D7CD6341121892596E82D845 /* error_message_ko.json */; };
		6B2FD72F3F913D75FDCC2378 /* MenuBarContentView.swift in Sources */ = {isa = PBXBuildFile; fileRef = 16A6E2A516D84262D150C39C /* MenuBarContentView.swift */; };
		6E59BEA979CA789E187CFB9D /* QuickLookController.swift in Sources */ = {isa = PBXBuildFile; fileRef = DF0F933F367BC24C6C4A5604 /* QuickLookController.swift */; };
		8046BFD7FD13F7DE8566F338 /* GlobalHotKeyCenter.swift in Sources */ = {isa = PBXBuildFile; fileRef = 3AB19271EB0D20101096BBC8 /* GlobalHotKeyCenter.swift */; };
		82EE85A17E21BCAA147E4649 /* ProjectDetailView.swift in Sources */ = {isa = PBXBuildFile; fileRef = 139DFC5536EEDDF41ED291FC /* ProjectDetailView.swift */; };
		8534C0C731D6D921B3894787 /* Components.swift in Sources */ = {isa = PBXBuildFile; fileRef = 36F6E6FB6B9D6DA758C98D67 /* Components.swift */; };
		89881E99F5ED788BE7B6E1F6 /* SwiftDataBackend.swift in Sources */ = {isa = PBXBuildFile; fileRef = 99846DCFAEABEC1E5BBB583C /* SwiftDataBackend.swift */; };
		8E602F4A7E6F623777DC16D3 /* AppState.swift in Sources */ = {isa = PBXBuildFile; fileRef = E9140DC46D3C738A777FDBB7 /* AppState.swift */; };
		8F54E754353B3F87FA55E7B7 /* MarkdownBody.swift in Sources */ = {isa = PBXBuildFile; fileRef = B1F3A106F68228C0E61EB754 /* MarkdownBody.swift */; };
		A94B6D11B96EEA812B42BA91 /* BlockCardView.swift in Sources */ = {isa = PBXBuildFile; fileRef = BADDCAE234C5633F26800EF1 /* BlockCardView.swift */; };
		A9C14F3B35170A005D022CB0 /* OfflineWebView.swift in Sources */ = {isa = PBXBuildFile; fileRef = C440407E192919A7B1CC670B /* OfflineWebView.swift */; };
		AD4E5C247E305B754DF3CED1 /* PersistenceStore.swift in Sources */ = {isa = PBXBuildFile; fileRef = B569B7A7AD2A68DE3AA07E57 /* PersistenceStore.swift */; };
		ADF422B51B40DBACEF38AA6B /* KeychainStore.swift in Sources */ = {isa = PBXBuildFile; fileRef = 3B3D33B8E5541740FAA5CF67 /* KeychainStore.swift */; };
		B8EBD1A98ED44664E5DEF1E7 /* BlockTypePicker.swift in Sources */ = {isa = PBXBuildFile; fileRef = ADCE112067036AC049857931 /* BlockTypePicker.swift */; };
		B9AFD9AFCB1C951195F34F8F /* DebugLogger.swift in Sources */ = {isa = PBXBuildFile; fileRef = EA53E0271610032C09A7E68D /* DebugLogger.swift */; };
		C0CA2201AE7192036998834F /* Assets.xcassets in Resources */ = {isa = PBXBuildFile; fileRef = 7E1650D1CF51D4DAAAF447E6 /* Assets.xcassets */; };
		C23FA61C7098142F52B47806 /* DataStore.swift in Sources */ = {isa = PBXBuildFile; fileRef = 4A845BD89B91EA45F0586D3F /* DataStore.swift */; };
		D0E26BBA0FB51D004194D279 /* HotkeyCombo.swift in Sources */ = {isa = PBXBuildFile; fileRef = A4F4966EC2EB58673DF7280A /* HotkeyCombo.swift */; };
		D95EDB19526F223FB1EB9B5C /* WebCaptureService.swift in Sources */ = {isa = PBXBuildFile; fileRef = 5785559516C8D32FCE7110A0 /* WebCaptureService.swift */; };
		DA4850FF83DCE9FEF8400FFD /* DebugPanelView.swift in Sources */ = {isa = PBXBuildFile; fileRef = 49F9ECD0E97AC372C6CEAC08 /* DebugPanelView.swift */; };
		E20F74952D1EDECBF0290ADF /* AppLanguage.swift in Sources */ = {isa = PBXBuildFile; fileRef = B4DCEF7D17016C685CB9C058 /* AppLanguage.swift */; };
		E286AD7EE0B4F339DF467415 /* Theme.swift in Sources */ = {isa = PBXBuildFile; fileRef = 053E3F73AA03BEAD48D1DA2D /* Theme.swift */; };
		F51096436DD39786169AEACD /* CapsuleStashApp.swift in Sources */ = {isa = PBXBuildFile; fileRef = 36E7BA836EF3F5DF137C87AC /* CapsuleStashApp.swift */; };
/* End PBXBuildFile section */

/* Begin PBXContainerItemProxy section */
		6C78E11A0DE96D7367764AC3 /* PBXContainerItemProxy */ = {
			isa = PBXContainerItemProxy;
			containerPortal = 8EB282F6E09C29F36D78ED21 /* Project object */;
			proxyType = 1;
			remoteGlobalIDString = B87AF87CEDF84B3C470D99D6;
			remoteInfo = CapsuleStash;
		};
/* End PBXContainerItemProxy section */

/* Begin PBXFileReference section */
		053E3F73AA03BEAD48D1DA2D /* Theme.swift */ = {isa = PBXFileReference; lastKnownFileType = sourcecode.swift; path = Theme.swift; sourceTree = "<group>"; };
		0697D6C1354314914CDAD23D /* ClipboardService.swift */ = {isa = PBXFileReference; lastKnownFileType = sourcecode.swift; path = ClipboardService.swift; sourceTree = "<group>"; };
		139DFC5536EEDDF41ED291FC /* ProjectDetailView.swift */ = {isa = PBXFileReference; lastKnownFileType = sourcecode.swift; path = ProjectDetailView.swift; sourceTree = "<group>"; };
		16A6E2A516D84262D150C39C /* MenuBarContentView.swift */ = {isa = PBXFileReference; lastKnownFileType = sourcecode.swift; path = MenuBarContentView.swift; sourceTree = "<group>"; };
		25528E0D0AE0B6544AB160EA /* CapsuleStash.app */ = {isa = PBXFileReference; explicitFileType = wrapper.application; includeInIndex = 0; path = CapsuleStash.app; sourceTree = BUILT_PRODUCTS_DIR; };
		36E7BA836EF3F5DF137C87AC /* CapsuleStashApp.swift */ = {isa = PBXFileReference; lastKnownFileType = sourcecode.swift; path = CapsuleStashApp.swift; sourceTree = "<group>"; };
		36F6E6FB6B9D6DA758C98D67 /* Components.swift */ = {isa = PBXFileReference; lastKnownFileType = sourcecode.swift; path = Components.swift; sourceTree = "<group>"; };
		3AB19271EB0D20101096BBC8 /* GlobalHotKeyCenter.swift */ = {isa = PBXFileReference; lastKnownFileType = sourcecode.swift; path = GlobalHotKeyCenter.swift; sourceTree = "<group>"; };
		3B3D33B8E5541740FAA5CF67 /* KeychainStore.swift */ = {isa = PBXFileReference; lastKnownFileType = sourcecode.swift; path = KeychainStore.swift; sourceTree = "<group>"; };
		49F9ECD0E97AC372C6CEAC08 /* DebugPanelView.swift */ = {isa = PBXFileReference; lastKnownFileType = sourcecode.swift; path = DebugPanelView.swift; sourceTree = "<group>"; };
		4A845BD89B91EA45F0586D3F /* DataStore.swift */ = {isa = PBXFileReference; lastKnownFileType = sourcecode.swift; path = DataStore.swift; sourceTree = "<group>"; };
		50F4C57D0D98657FC9F04F05 /* Localizable.xcstrings */ = {isa = PBXFileReference; lastKnownFileType = text.json.xcstrings; path = Localizable.xcstrings; sourceTree = "<group>"; };
		5785559516C8D32FCE7110A0 /* WebCaptureService.swift */ = {isa = PBXFileReference; lastKnownFileType = sourcecode.swift; path = WebCaptureService.swift; sourceTree = "<group>"; };
		59A4F034330E57982C863E24 /* NameInputSheet.swift */ = {isa = PBXFileReference; lastKnownFileType = sourcecode.swift; path = NameInputSheet.swift; sourceTree = "<group>"; };
		6E9C5FAEDC8B18D2AFFEF1D4 /* ContentView.swift */ = {isa = PBXFileReference; lastKnownFileType = sourcecode.swift; path = ContentView.swift; sourceTree = "<group>"; };
		6F96A0B1203F492482BCD81E /* CommandPaletteView.swift */ = {isa = PBXFileReference; lastKnownFileType = sourcecode.swift; path = CommandPaletteView.swift; sourceTree = "<group>"; };
		75DB023F2B58C6526883F119 /* AttachmentStore.swift */ = {isa = PBXFileReference; lastKnownFileType = sourcecode.swift; path = AttachmentStore.swift; sourceTree = "<group>"; };
		7E1650D1CF51D4DAAAF447E6 /* Assets.xcassets */ = {isa = PBXFileReference; lastKnownFileType = folder.assetcatalog; path = Assets.xcassets; sourceTree = "<group>"; };
		884B7A52589017DB1AC54B6C /* BlockTextEditor.swift */ = {isa = PBXFileReference; lastKnownFileType = sourcecode.swift; path = BlockTextEditor.swift; sourceTree = "<group>"; };
		89A9EAE15E27D143381029DE /* CapsuleStashTests.xctest */ = {isa = PBXFileReference; explicitFileType = wrapper.cfbundle; includeInIndex = 0; path = CapsuleStashTests.xctest; sourceTree = BUILT_PRODUCTS_DIR; };
		99846DCFAEABEC1E5BBB583C /* SwiftDataBackend.swift */ = {isa = PBXFileReference; lastKnownFileType = sourcecode.swift; path = SwiftDataBackend.swift; sourceTree = "<group>"; };
		A4F4966EC2EB58673DF7280A /* HotkeyCombo.swift */ = {isa = PBXFileReference; lastKnownFileType = sourcecode.swift; path = HotkeyCombo.swift; sourceTree = "<group>"; };
		ADCE112067036AC049857931 /* BlockTypePicker.swift */ = {isa = PBXFileReference; lastKnownFileType = sourcecode.swift; path = BlockTypePicker.swift; sourceTree = "<group>"; };
		B1F3A106F68228C0E61EB754 /* MarkdownBody.swift */ = {isa = PBXFileReference; lastKnownFileType = sourcecode.swift; path = MarkdownBody.swift; sourceTree = "<group>"; };
		B4DCEF7D17016C685CB9C058 /* AppLanguage.swift */ = {isa = PBXFileReference; lastKnownFileType = sourcecode.swift; path = AppLanguage.swift; sourceTree = "<group>"; };
		B569B7A7AD2A68DE3AA07E57 /* PersistenceStore.swift */ = {isa = PBXFileReference; lastKnownFileType = sourcecode.swift; path = PersistenceStore.swift; sourceTree = "<group>"; };
		BADDCAE234C5633F26800EF1 /* BlockCardView.swift */ = {isa = PBXFileReference; lastKnownFileType = sourcecode.swift; path = BlockCardView.swift; sourceTree = "<group>"; };
		BEA4234E5CA6F6A0AF337DE9 /* BlockEditorSheet.swift */ = {isa = PBXFileReference; lastKnownFileType = sourcecode.swift; path = BlockEditorSheet.swift; sourceTree = "<group>"; };
		BFB8EF18E31CF961E1CF8102 /* WebArchiveStore.swift */ = {isa = PBXFileReference; lastKnownFileType = sourcecode.swift; path = WebArchiveStore.swift; sourceTree = "<group>"; };
		C440407E192919A7B1CC670B /* OfflineWebView.swift */ = {isa = PBXFileReference; lastKnownFileType = sourcecode.swift; path = OfflineWebView.swift; sourceTree = "<group>"; };
		C924BA9E9897BEC62C26155E /* SettingsView.swift */ = {isa = PBXFileReference; lastKnownFileType = sourcecode.swift; path = SettingsView.swift; sourceTree = "<group>"; };
		D2269040353A6BD92A19DC9F /* Models.swift */ = {isa = PBXFileReference; lastKnownFileType = sourcecode.swift; path = Models.swift; sourceTree = "<group>"; };
		D7CD6341121892596E82D845 /* error_message_ko.json */ = {isa = PBXFileReference; lastKnownFileType = text.json; path = error_message_ko.json; sourceTree = "<group>"; };
		DF0F933F367BC24C6C4A5604 /* QuickLookController.swift */ = {isa = PBXFileReference; lastKnownFileType = sourcecode.swift; path = QuickLookController.swift; sourceTree = "<group>"; };
		E2E87FA2A526B7112B538525 /* CapsuleStashTests.swift */ = {isa = PBXFileReference; lastKnownFileType = sourcecode.swift; path = CapsuleStashTests.swift; sourceTree = "<group>"; };
		E5E4E5C0FCE874021DADB73A /* SidebarView.swift */ = {isa = PBXFileReference; lastKnownFileType = sourcecode.swift; path = SidebarView.swift; sourceTree = "<group>"; };
		E9140DC46D3C738A777FDBB7 /* AppState.swift */ = {isa = PBXFileReference; lastKnownFileType = sourcecode.swift; path = AppState.swift; sourceTree = "<group>"; };
		EA53E0271610032C09A7E68D /* DebugLogger.swift */ = {isa = PBXFileReference; lastKnownFileType = sourcecode.swift; path = DebugLogger.swift; sourceTree = "<group>"; };
/* End PBXFileReference section */

/* Begin PBXGroup section */
		19C6B053B7A41F0937AFE47B /* CapsuleStashTests */ = {
			isa = PBXGroup;
			children = (
				E2E87FA2A526B7112B538525 /* CapsuleStashTests.swift */,
			);
			path = CapsuleStashTests;
			sourceTree = "<group>";
		};
		20088A5F9EFBCAAB2901D310 /* Services */ = {
			isa = PBXGroup;
			children = (
				75DB023F2B58C6526883F119 /* AttachmentStore.swift */,
				0697D6C1354314914CDAD23D /* ClipboardService.swift */,
				3AB19271EB0D20101096BBC8 /* GlobalHotKeyCenter.swift */,
				A4F4966EC2EB58673DF7280A /* HotkeyCombo.swift */,
				3B3D33B8E5541740FAA5CF67 /* KeychainStore.swift */,
				DF0F933F367BC24C6C4A5604 /* QuickLookController.swift */,
				BFB8EF18E31CF961E1CF8102 /* WebArchiveStore.swift */,
				5785559516C8D32FCE7110A0 /* WebCaptureService.swift */,
			);
			path = Services;
			sourceTree = "<group>";
		};
		2993010EE2629F08B3291B8E /* Views */ = {
			isa = PBXGroup;
			children = (
				BADDCAE234C5633F26800EF1 /* BlockCardView.swift */,
				BEA4234E5CA6F6A0AF337DE9 /* BlockEditorSheet.swift */,
				884B7A52589017DB1AC54B6C /* BlockTextEditor.swift */,
				ADCE112067036AC049857931 /* BlockTypePicker.swift */,
				6F96A0B1203F492482BCD81E /* CommandPaletteView.swift */,
				6E9C5FAEDC8B18D2AFFEF1D4 /* ContentView.swift */,
				49F9ECD0E97AC372C6CEAC08 /* DebugPanelView.swift */,
				B1F3A106F68228C0E61EB754 /* MarkdownBody.swift */,
				16A6E2A516D84262D150C39C /* MenuBarContentView.swift */,
				59A4F034330E57982C863E24 /* NameInputSheet.swift */,
				C440407E192919A7B1CC670B /* OfflineWebView.swift */,
				139DFC5536EEDDF41ED291FC /* ProjectDetailView.swift */,
				C924BA9E9897BEC62C26155E /* SettingsView.swift */,
				E5E4E5C0FCE874021DADB73A /* SidebarView.swift */,
			);
			path = Views;
			sourceTree = "<group>";
		};
		591D3FB1A533D08E1E13692D /* Products */ = {
			isa = PBXGroup;
			children = (
				25528E0D0AE0B6544AB160EA /* CapsuleStash.app */,
				89A9EAE15E27D143381029DE /* CapsuleStashTests.xctest */,
			);
			name = Products;
			sourceTree = "<group>";
		};
		7076D5754BEF7B52C0ACE2D4 /* CapsuleStash */ = {
			isa = PBXGroup;
			children = (
				EB5F8F385231DF6A2BF24AA8 /* Design */,
				20088A5F9EFBCAAB2901D310 /* Services */,
				FB558AFADC412F1DD23B681D /* Stores */,
				C30B8BC27C78DA303A6A4688 /* Utils */,
				2993010EE2629F08B3291B8E /* Views */,
				E9140DC46D3C738A777FDBB7 /* AppState.swift */,
				36E7BA836EF3F5DF137C87AC /* CapsuleStashApp.swift */,
				D2269040353A6BD92A19DC9F /* Models.swift */,
			);
			path = CapsuleStash;
			sourceTree = "<group>";
		};
		7F13D9EFDF4710DAC0F558B6 /* Resources */ = {
			isa = PBXGroup;
			children = (
				7E1650D1CF51D4DAAAF447E6 /* Assets.xcassets */,
				D7CD6341121892596E82D845 /* error_message_ko.json */,
				50F4C57D0D98657FC9F04F05 /* Localizable.xcstrings */,
			);
			name = Resources;
			path = CapsuleStash/Resources;
			sourceTree = "<group>";
		};
		8EAF17DE5C0C54BBADFF6852 = {
			isa = PBXGroup;
			children = (
				7076D5754BEF7B52C0ACE2D4 /* CapsuleStash */,
				19C6B053B7A41F0937AFE47B /* CapsuleStashTests */,
				7F13D9EFDF4710DAC0F558B6 /* Resources */,
				591D3FB1A533D08E1E13692D /* Products */,
			);
			sourceTree = "<group>";
		};
		C30B8BC27C78DA303A6A4688 /* Utils */ = {
			isa = PBXGroup;
			children = (
				B4DCEF7D17016C685CB9C058 /* AppLanguage.swift */,
				EA53E0271610032C09A7E68D /* DebugLogger.swift */,
			);
			path = Utils;
			sourceTree = "<group>";
		};
		EB5F8F385231DF6A2BF24AA8 /* Design */ = {
			isa = PBXGroup;
			children = (
				36F6E6FB6B9D6DA758C98D67 /* Components.swift */,
				053E3F73AA03BEAD48D1DA2D /* Theme.swift */,
			);
			path = Design;
			sourceTree = "<group>";
		};
		FB558AFADC412F1DD23B681D /* Stores */ = {
			isa = PBXGroup;
			children = (
				4A845BD89B91EA45F0586D3F /* DataStore.swift */,
				B569B7A7AD2A68DE3AA07E57 /* PersistenceStore.swift */,
				99846DCFAEABEC1E5BBB583C /* SwiftDataBackend.swift */,
			);
			path = Stores;
			sourceTree = "<group>";
		};
/* End PBXGroup section */

/* Begin PBXNativeTarget section */
		2FD048DC9CABB10377B869B5 /* CapsuleStashTests */ = {
			isa = PBXNativeTarget;
			buildConfigurationList = 84FB0ACBB66254B51CF4B2AA /* Build configuration list for PBXNativeTarget "CapsuleStashTests" */;
			buildPhases = (
				F5E19216366DADEF0580174B /* Sources */,
			);
			buildRules = (
			);
			dependencies = (
				F78037EA1852B14841E71F20 /* PBXTargetDependency */,
			);
			name = CapsuleStashTests;
			packageProductDependencies = (
			);
			productName = CapsuleStashTests;
			productReference = 89A9EAE15E27D143381029DE /* CapsuleStashTests.xctest */;
			productType = "com.apple.product-type.bundle.unit-test";
		};
		B87AF87CEDF84B3C470D99D6 /* CapsuleStash */ = {
			isa = PBXNativeTarget;
			buildConfigurationList = EE0323720523F6CE9635583A /* Build configuration list for PBXNativeTarget "CapsuleStash" */;
			buildPhases = (
				3B12C98C7FD44D3014F71602 /* Sources */,
				DCB8597A313BF91C4193DA6A /* Resources */,
			);
			buildRules = (
			);
			dependencies = (
			);
			name = CapsuleStash;
			packageProductDependencies = (
			);
			productName = CapsuleStash;
			productReference = 25528E0D0AE0B6544AB160EA /* CapsuleStash.app */;
			productType = "com.apple.product-type.application";
		};
/* End PBXNativeTarget section */

/* Begin PBXProject section */
		8EB282F6E09C29F36D78ED21 /* Project object */ = {
			isa = PBXProject;
			attributes = {
				BuildIndependentTargetsInParallel = YES;
				LastUpgradeCheck = 1600;
				TargetAttributes = {
					B87AF87CEDF84B3C470D99D6 = {
						ProvisioningStyle = Automatic;
					};
				};
			};
			buildConfigurationList = DA8D385D8B80B0875079C8FF /* Build configuration list for PBXProject "CapsuleStash" */;
			developmentRegion = en;
			hasScannedForEncodings = 0;
			knownRegions = (
				Base,
				en,
				ko,
			);
			mainGroup = 8EAF17DE5C0C54BBADFF6852;
			minimizedProjectReferenceProxies = 1;
			preferredProjectObjectVersion = 77;
			productRefGroup = 591D3FB1A533D08E1E13692D /* Products */;
			projectDirPath = "";
			projectRoot = "";
			targets = (
				B87AF87CEDF84B3C470D99D6 /* CapsuleStash */,
				2FD048DC9CABB10377B869B5 /* CapsuleStashTests */,
			);
		};
/* End PBXProject section */

/* Begin PBXResourcesBuildPhase section */
		DCB8597A313BF91C4193DA6A /* Resources */ = {
			isa = PBXResourcesBuildPhase;
			buildActionMask = 2147483647;
			files = (
				C0CA2201AE7192036998834F /* Assets.xcassets in Resources */,
				4F8EC67656119200A0DD1025 /* Localizable.xcstrings in Resources */,
				6AF1BA406722160686D99614 /* error_message_ko.json in Resources */,
			);
			runOnlyForDeploymentPostprocessing = 0;
		};
/* End PBXResourcesBuildPhase section */

/* Begin PBXSourcesBuildPhase section */
		3B12C98C7FD44D3014F71602 /* Sources */ = {
			isa = PBXSourcesBuildPhase;
			buildActionMask = 2147483647;
			files = (
				E20F74952D1EDECBF0290ADF /* AppLanguage.swift in Sources */,
				8E602F4A7E6F623777DC16D3 /* AppState.swift in Sources */,
				37F40425974B258D9C9505DE /* AttachmentStore.swift in Sources */,
				A94B6D11B96EEA812B42BA91 /* BlockCardView.swift in Sources */,
				4B3111CA3E1207E661EED248 /* BlockEditorSheet.swift in Sources */,
				0F502AA85FFC3C3346C826EB /* BlockTextEditor.swift in Sources */,
				B8EBD1A98ED44664E5DEF1E7 /* BlockTypePicker.swift in Sources */,
				F51096436DD39786169AEACD /* CapsuleStashApp.swift in Sources */,
				5C05194385C271820FAD9ECD /* ClipboardService.swift in Sources */,
				5DA1D08ACC483489FBE64E56 /* CommandPaletteView.swift in Sources */,
				8534C0C731D6D921B3894787 /* Components.swift in Sources */,
				3D2C603D9ED687D9FAFF27A2 /* ContentView.swift in Sources */,
				C23FA61C7098142F52B47806 /* DataStore.swift in Sources */,
				B9AFD9AFCB1C951195F34F8F /* DebugLogger.swift in Sources */,
				DA4850FF83DCE9FEF8400FFD /* DebugPanelView.swift in Sources */,
				8046BFD7FD13F7DE8566F338 /* GlobalHotKeyCenter.swift in Sources */,
				D0E26BBA0FB51D004194D279 /* HotkeyCombo.swift in Sources */,
				ADF422B51B40DBACEF38AA6B /* KeychainStore.swift in Sources */,
				8F54E754353B3F87FA55E7B7 /* MarkdownBody.swift in Sources */,
				6B2FD72F3F913D75FDCC2378 /* MenuBarContentView.swift in Sources */,
				3D8A5E4E05F4012761D2243B /* Models.swift in Sources */,
				16938C9858F5F09DBED29040 /* NameInputSheet.swift in Sources */,
				A9C14F3B35170A005D022CB0 /* OfflineWebView.swift in Sources */,
				AD4E5C247E305B754DF3CED1 /* PersistenceStore.swift in Sources */,
				82EE85A17E21BCAA147E4649 /* ProjectDetailView.swift in Sources */,
				6E59BEA979CA789E187CFB9D /* QuickLookController.swift in Sources */,
				3A1D36A156FE521661B5AEAC /* SettingsView.swift in Sources */,
				35E1D54957D09E11943321A4 /* SidebarView.swift in Sources */,
				89881E99F5ED788BE7B6E1F6 /* SwiftDataBackend.swift in Sources */,
				E286AD7EE0B4F339DF467415 /* Theme.swift in Sources */,
				67BB09B221D8F1BE564E60A4 /* WebArchiveStore.swift in Sources */,
				D95EDB19526F223FB1EB9B5C /* WebCaptureService.swift in Sources */,
			);
			runOnlyForDeploymentPostprocessing = 0;
		};
		F5E19216366DADEF0580174B /* Sources */ = {
			isa = PBXSourcesBuildPhase;
			buildActionMask = 2147483647;
			files = (
				2F71853CFB02558049F32B60 /* CapsuleStashTests.swift in Sources */,
			);
			runOnlyForDeploymentPostprocessing = 0;
		};
/* End PBXSourcesBuildPhase section */

/* Begin PBXTargetDependency section */
		F78037EA1852B14841E71F20 /* PBXTargetDependency */ = {
			isa = PBXTargetDependency;
			target = B87AF87CEDF84B3C470D99D6 /* CapsuleStash */;
			targetProxy = 6C78E11A0DE96D7367764AC3 /* PBXContainerItemProxy */;
		};
/* End PBXTargetDependency section */

/* Begin XCBuildConfiguration section */
		2075AA0AC7C1B37AFE4C39F8 /* Debug */ = {
			isa = XCBuildConfiguration;
			buildSettings = {
				ALWAYS_SEARCH_USER_PATHS = NO;
				CLANG_ANALYZER_NONNULL = YES;
				CLANG_ANALYZER_NUMBER_OBJECT_CONVERSION = YES_AGGRESSIVE;
				CLANG_CXX_LANGUAGE_STANDARD = "gnu++14";
				CLANG_CXX_LIBRARY = "libc++";
				CLANG_ENABLE_MODULES = YES;
				CLANG_ENABLE_OBJC_ARC = YES;
				CLANG_ENABLE_OBJC_WEAK = YES;
				CLANG_WARN_BLOCK_CAPTURE_AUTORELEASING = YES;
				CLANG_WARN_BOOL_CONVERSION = YES;
				CLANG_WARN_COMMA = YES;
				CLANG_WARN_CONSTANT_CONVERSION = YES;
				CLANG_WARN_DEPRECATED_OBJC_IMPLEMENTATIONS = YES;
				CLANG_WARN_DIRECT_OBJC_ISA_USAGE = YES_ERROR;
				CLANG_WARN_DOCUMENTATION_COMMENTS = YES;
				CLANG_WARN_EMPTY_BODY = YES;
				CLANG_WARN_ENUM_CONVERSION = YES;
				CLANG_WARN_INFINITE_RECURSION = YES;
				CLANG_WARN_INT_CONVERSION = YES;
				CLANG_WARN_NON_LITERAL_NULL_CONVERSION = YES;
				CLANG_WARN_OBJC_IMPLICIT_RETAIN_SELF = YES;
				CLANG_WARN_OBJC_LITERAL_CONVERSION = YES;
				CLANG_WARN_OBJC_ROOT_CLASS = YES_ERROR;
				CLANG_WARN_QUOTED_INCLUDE_IN_FRAMEWORK_HEADER = YES;
				CLANG_WARN_RANGE_LOOP_ANALYSIS = YES;
				CLANG_WARN_STRICT_PROTOTYPES = YES;
				CLANG_WARN_SUSPICIOUS_MOVE = YES;
				CLANG_WARN_UNGUARDED_AVAILABILITY = YES_AGGRESSIVE;
				CLANG_WARN_UNREACHABLE_CODE = YES;
				CLANG_WARN__DUPLICATE_METHOD_MATCH = YES;
				COPY_PHASE_STRIP = NO;
				DEBUG_INFORMATION_FORMAT = dwarf;
				ENABLE_STRICT_OBJC_MSGSEND = YES;
				ENABLE_TESTABILITY = YES;
				GCC_C_LANGUAGE_STANDARD = gnu11;
				GCC_DYNAMIC_NO_PIC = NO;
				GCC_NO_COMMON_BLOCKS = YES;
				GCC_OPTIMIZATION_LEVEL = 0;
				GCC_PREPROCESSOR_DEFINITIONS = (
					"$(inherited)",
					"DEBUG=1",
				);
				GCC_WARN_64_TO_32_BIT_CONVERSION = YES;
				GCC_WARN_ABOUT_RETURN_TYPE = YES_ERROR;
				GCC_WARN_UNDECLARED_SELECTOR = YES;
				GCC_WARN_UNINITIALIZED_AUTOS = YES_AGGRESSIVE;
				GCC_WARN_UNUSED_FUNCTION = YES;
				GCC_WARN_UNUSED_VARIABLE = YES;
				MACOSX_DEPLOYMENT_TARGET = 14.0;
				MTL_ENABLE_DEBUG_INFO = INCLUDE_SOURCE;
				MTL_FAST_MATH = YES;
				ONLY_ACTIVE_ARCH = YES;
				PRODUCT_NAME = "$(TARGET_NAME)";
				SDKROOT = macosx;
				SWIFT_ACTIVE_COMPILATION_CONDITIONS = DEBUG;
				SWIFT_OPTIMIZATION_LEVEL = "-Onone";
				SWIFT_VERSION = 5.0;
			};
			name = Debug;
		};
		820913973530416C795223FE /* Release */ = {
			isa = XCBuildConfiguration;
			buildSettings = {
				BUNDLE_LOADER = "$(TEST_HOST)";
				COMBINE_HIDPI_IMAGES = YES;
				GENERATE_INFOPLIST_FILE = YES;
				LD_RUNPATH_SEARCH_PATHS = (
					"$(inherited)",
					"@executable_path/../Frameworks",
					"@loader_path/../Frameworks",
				);
				MACOSX_DEPLOYMENT_TARGET = 14.0;
				PRODUCT_BUNDLE_IDENTIFIER = com.borasarang.CapsuleStashTests;
				SDKROOT = macosx;
				SWIFT_VERSION = 5.0;
				TEST_HOST = "$(BUILT_PRODUCTS_DIR)/CapsuleStash.app/Contents/MacOS/CapsuleStash";
			};
			name = Release;
		};
		C17AB57830C0EB2FB960D84C /* Debug */ = {
			isa = XCBuildConfiguration;
			buildSettings = {
				BUNDLE_LOADER = "$(TEST_HOST)";
				COMBINE_HIDPI_IMAGES = YES;
				GENERATE_INFOPLIST_FILE = YES;
				LD_RUNPATH_SEARCH_PATHS = (
					"$(inherited)",
					"@executable_path/../Frameworks",
					"@loader_path/../Frameworks",
				);
				MACOSX_DEPLOYMENT_TARGET = 14.0;
				PRODUCT_BUNDLE_IDENTIFIER = com.borasarang.CapsuleStashTests;
				SDKROOT = macosx;
				SWIFT_VERSION = 5.0;
				TEST_HOST = "$(BUILT_PRODUCTS_DIR)/CapsuleStash.app/Contents/MacOS/CapsuleStash";
			};
			name = Debug;
		};
		C2F8910B4D7EB7BCF5BAEF2D /* Release */ = {
			isa = XCBuildConfiguration;
			buildSettings = {
				ASSETCATALOG_COMPILER_APPICON_NAME = AppIcon;
				CODE_SIGN_IDENTITY = "-";
				CODE_SIGN_STYLE = Automatic;
				COMBINE_HIDPI_IMAGES = YES;
				CURRENT_PROJECT_VERSION = 1;
				ENABLE_HARDENED_RUNTIME = NO;
				GENERATE_INFOPLIST_FILE = YES;
				INFOPLIST_KEY_CFBundleDisplayName = "Capsule Stash";
				INFOPLIST_KEY_CFBundleIconName = AppIcon;
				INFOPLIST_KEY_LSApplicationCategoryType = "public.app-category.productivity";
				INFOPLIST_KEY_LSUIElement = YES;
				INFOPLIST_KEY_NSHumanReadableCopyright = "";
				LD_RUNPATH_SEARCH_PATHS = (
					"$(inherited)",
					"@executable_path/../Frameworks",
				);
				MACOSX_DEPLOYMENT_TARGET = 14.0;
				MARKETING_VERSION = 0.1.0;
				PRODUCT_BUNDLE_IDENTIFIER = com.borasarang.CapsuleStash;
				PRODUCT_NAME = CapsuleStash;
				SDKROOT = macosx;
				SWIFT_VERSION = 5.0;
			};
			name = Release;
		};
		D87F0A41C6B2A12099A08310 /* Debug */ = {
			isa = XCBuildConfiguration;
			buildSettings = {
				ASSETCATALOG_COMPILER_APPICON_NAME = AppIcon;
				CODE_SIGN_IDENTITY = "-";
				CODE_SIGN_STYLE = Automatic;
				COMBINE_HIDPI_IMAGES = YES;
				CURRENT_PROJECT_VERSION = 1;
				ENABLE_HARDENED_RUNTIME = NO;
				GENERATE_INFOPLIST_FILE = YES;
				INFOPLIST_KEY_CFBundleDisplayName = "Capsule Stash";
				INFOPLIST_KEY_CFBundleIconName = AppIcon;
				INFOPLIST_KEY_LSApplicationCategoryType = "public.app-category.productivity";
				INFOPLIST_KEY_LSUIElement = YES;
				INFOPLIST_KEY_NSHumanReadableCopyright = "";
				LD_RUNPATH_SEARCH_PATHS = (
					"$(inherited)",
					"@executable_path/../Frameworks",
				);
				MACOSX_DEPLOYMENT_TARGET = 14.0;
				MARKETING_VERSION = 0.1.0;
				PRODUCT_BUNDLE_IDENTIFIER = com.borasarang.CapsuleStash;
				PRODUCT_NAME = CapsuleStash;
				SDKROOT = macosx;
				SWIFT_VERSION = 5.0;
			};
			name = Debug;
		};
		DA39A9CD6C9D661E9C197429 /* Release */ = {
			isa = XCBuildConfiguration;
			buildSettings = {
				ALWAYS_SEARCH_USER_PATHS = NO;
				CLANG_ANALYZER_NONNULL = YES;
				CLANG_ANALYZER_NUMBER_OBJECT_CONVERSION = YES_AGGRESSIVE;
				CLANG_CXX_LANGUAGE_STANDARD = "gnu++14";
				CLANG_CXX_LIBRARY = "libc++";
				CLANG_ENABLE_MODULES = YES;
				CLANG_ENABLE_OBJC_ARC = YES;
				CLANG_ENABLE_OBJC_WEAK = YES;
				CLANG_WARN_BLOCK_CAPTURE_AUTORELEASING = YES;
				CLANG_WARN_BOOL_CONVERSION = YES;
				CLANG_WARN_COMMA = YES;
				CLANG_WARN_CONSTANT_CONVERSION = YES;
				CLANG_WARN_DEPRECATED_OBJC_IMPLEMENTATIONS = YES;
				CLANG_WARN_DIRECT_OBJC_ISA_USAGE = YES_ERROR;
				CLANG_WARN_DOCUMENTATION_COMMENTS = YES;
				CLANG_WARN_EMPTY_BODY = YES;
				CLANG_WARN_ENUM_CONVERSION = YES;
				CLANG_WARN_INFINITE_RECURSION = YES;
				CLANG_WARN_INT_CONVERSION = YES;
				CLANG_WARN_NON_LITERAL_NULL_CONVERSION = YES;
				CLANG_WARN_OBJC_IMPLICIT_RETAIN_SELF = YES;
				CLANG_WARN_OBJC_LITERAL_CONVERSION = YES;
				CLANG_WARN_OBJC_ROOT_CLASS = YES_ERROR;
				CLANG_WARN_QUOTED_INCLUDE_IN_FRAMEWORK_HEADER = YES;
				CLANG_WARN_RANGE_LOOP_ANALYSIS = YES;
				CLANG_WARN_STRICT_PROTOTYPES = YES;
				CLANG_WARN_SUSPICIOUS_MOVE = YES;
				CLANG_WARN_UNGUARDED_AVAILABILITY = YES_AGGRESSIVE;
				CLANG_WARN_UNREACHABLE_CODE = YES;
				CLANG_WARN__DUPLICATE_METHOD_MATCH = YES;
				COPY_PHASE_STRIP = NO;
				DEBUG_INFORMATION_FORMAT = "dwarf-with-dsym";
				ENABLE_NS_ASSERTIONS = NO;
				ENABLE_STRICT_OBJC_MSGSEND = YES;
				GCC_C_LANGUAGE_STANDARD = gnu11;
				GCC_NO_COMMON_BLOCKS = YES;
				GCC_WARN_64_TO_32_BIT_CONVERSION = YES;
				GCC_WARN_ABOUT_RETURN_TYPE = YES_ERROR;
				GCC_WARN_UNDECLARED_SELECTOR = YES;
				GCC_WARN_UNINITIALIZED_AUTOS = YES_AGGRESSIVE;
				GCC_WARN_UNUSED_FUNCTION = YES;
				GCC_WARN_UNUSED_VARIABLE = YES;
				MACOSX_DEPLOYMENT_TARGET = 14.0;
				MTL_ENABLE_DEBUG_INFO = NO;
				MTL_FAST_MATH = YES;
				PRODUCT_NAME = "$(TARGET_NAME)";
				SDKROOT = macosx;
				SWIFT_COMPILATION_MODE = wholemodule;
				SWIFT_OPTIMIZATION_LEVEL = "-O";
				SWIFT_VERSION = 5.0;
			};
			name = Release;
		};
/* End XCBuildConfiguration section */

/* Begin XCConfigurationList section */
		84FB0ACBB66254B51CF4B2AA /* Build configuration list for PBXNativeTarget "CapsuleStashTests" */ = {
			isa = XCConfigurationList;
			buildConfigurations = (
				C17AB57830C0EB2FB960D84C /* Debug */,
				820913973530416C795223FE /* Release */,
			);
			defaultConfigurationIsVisible = 0;
			defaultConfigurationName = Debug;
		};
		DA8D385D8B80B0875079C8FF /* Build configuration list for PBXProject "CapsuleStash" */ = {
			isa = XCConfigurationList;
			buildConfigurations = (
				2075AA0AC7C1B37AFE4C39F8 /* Debug */,
				DA39A9CD6C9D661E9C197429 /* Release */,
			);
			defaultConfigurationIsVisible = 0;
			defaultConfigurationName = Debug;
		};
		EE0323720523F6CE9635583A /* Build configuration list for PBXNativeTarget "CapsuleStash" */ = {
			isa = XCConfigurationList;
			buildConfigurations = (
				D87F0A41C6B2A12099A08310 /* Debug */,
				C2F8910B4D7EB7BCF5BAEF2D /* Release */,
			);
			defaultConfigurationIsVisible = 0;
			defaultConfigurationName = Debug;
		};
/* End XCConfigurationList section */
	};
	rootObject = 8EB282F6E09C29F36D78ED21 /* Project object */;
}
